# This file is automatically @generated by Cargo.
# It is not intended for manual editing.
version = 3

[[package]]
name = "data-encoding"
version = "2.3.3"
source = "registry+https://github.com/rust-lang/crates.io-index"
checksum = "23d8666cb01533c39dde32bcbab8e227b4ed6679b2c925eba05feabea39508fb"

[[package]]
name = "internet-checksum"
version = "0.2.1"
source = "registry+https://github.com/rust-lang/crates.io-index"
checksum = "fc6d6206008e25125b1f97fbe5d309eb7b85141cf9199d52dbd3729a1584dd16"

[[package]]
name = "internet-packet"
version = "0.1.0"
dependencies = [
 "data-encoding",
 "internet-checksum",
]
